
Microsoft Visual Studio Solution File, Format Version 12.00
# Visual Studio 15
VisualStudioVersion = 15.0.26403.7
MinimumVisualStudioVersion = 10.0.40219.1
Project("{2150E333-8FDC-42A3-9474-1A3956D46DE8}") = "src", "src", "{B59F3534-DD1B-4CA8-BA0D-82A44BAC9298}"
EndProject
Project("{2150E333-8FDC-42A3-9474-1A3956D46DE8}") = "test", "test", "{F596767C-2684-41E4-A052-3C02C340C379}"
EndProject
Project("{2150E333-8FDC-42A3-9474-1A3956D46DE8}") = "ISouling.Component", "ISouling.Component", "{64F81F93-43DC-4D16-8960-B960219BB5F1}"
EndProject
Project("{2150E333-8FDC-42A3-9474-1A3956D46DE8}") = "ISouling.WebSite", "ISouling.WebSite", "{6CF8EBEF-4C98-4158-A5AF-D62592C1209C}"
EndProject
Project("{FAE04EC0-301F-11D3-BF4B-00C04F79EFBC}") = "ISoul", "src\ISouling\ISouling.csproj", "{231DBFFA-CE65-4B69-93EA-57DFAED1A917}"
EndProject
Project("{FAE04EC0-301F-11D3-BF4B-00C04F79EFBC}") = "ISouling.WebSite.Www", "src\ISouling.WebSite\ISouling.WebSite.Www\ISouling.WebSite.Www.csproj", "{F7E2CDBC-DC8C-44A6-997A-273B31B084B6}"
EndProject
Project("{2150E333-8FDC-42A3-9474-1A3956D46DE8}") = "Solution Items", "Solution Items", "{004EFB85-9BCE-484A-B4E9-F36DFBBA85FB}"
	ProjectSection(SolutionItems) = preProject
		.editorconfig = .editorconfig
	EndProjectSection
EndProject
Project("{9A19103F-16F7-4668-BE54-9A1E7A4F7556}") = "ISouling.Component.User", "src\ISouling.Component\ISouling.Component.User\ISouling.Component.User.csproj", "{AF4D33EB-EE68-4AFE-AEE7-0D4BEC4978C2}"
EndProject
Global
	GlobalSection(SolutionConfigurationPlatforms) = preSolution
		Debug|Any CPU = Debug|Any CPU
		Release|Any CPU = Release|Any CPU
	EndGlobalSection
	GlobalSection(ProjectConfigurationPlatforms) = postSolution
		{231DBFFA-CE65-4B69-93EA-57DFAED1A917}.Debug|Any CPU.ActiveCfg = Debug|Any CPU
		{231DBFFA-CE65-4B69-93EA-57DFAED1A917}.Debug|Any CPU.Build.0 = Debug|Any CPU
		{231DBFFA-CE65-4B69-93EA-57DFAED1A917}.Release|Any CPU.ActiveCfg = Release|Any CPU
		{231DBFFA-CE65-4B69-93EA-57DFAED1A917}.Release|Any CPU.Build.0 = Release|Any CPU
		{F7E2CDBC-DC8C-44A6-997A-273B31B084B6}.Debug|Any CPU.ActiveCfg = Debug|Any CPU
		{F7E2CDBC-DC8C-44A6-997A-273B31B084B6}.Debug|Any CPU.Build.0 = Debug|Any CPU
		{F7E2CDBC-DC8C-44A6-997A-273B31B084B6}.Release|Any CPU.ActiveCfg = Release|Any CPU
		{F7E2CDBC-DC8C-44A6-997A-273B31B084B6}.Release|Any CPU.Build.0 = Release|Any CPU
		{AF4D33EB-EE68-4AFE-AEE7-0D4BEC4978C2}.Debug|Any CPU.ActiveCfg = Debug|Any CPU
		{AF4D33EB-EE68-4AFE-AEE7-0D4BEC4978C2}.Debug|Any CPU.Build.0 = Debug|Any CPU
		{AF4D33EB-EE68-4AFE-AEE7-0D4BEC4978C2}.Release|Any CPU.ActiveCfg = Release|Any CPU
		{AF4D33EB-EE68-4AFE-AEE7-0D4BEC4978C2}.Release|Any CPU.Build.0 = Release|Any CPU
	EndGlobalSection
	GlobalSection(SolutionProperties) = preSolution
		HideSolutionNode = FALSE
	EndGlobalSection
	GlobalSection(NestedProjects) = preSolution
		{64F81F93-43DC-4D16-8960-B960219BB5F1} = {B59F3534-DD1B-4CA8-BA0D-82A44BAC9298}
		{6CF8EBEF-4C98-4158-A5AF-D62592C1209C} = {B59F3534-DD1B-4CA8-BA0D-82A44BAC9298}
		{231DBFFA-CE65-4B69-93EA-57DFAED1A917} = {B59F3534-DD1B-4CA8-BA0D-82A44BAC9298}
		{F7E2CDBC-DC8C-44A6-997A-273B31B084B6} = {6CF8EBEF-4C98-4158-A5AF-D62592C1209C}
		{AF4D33EB-EE68-4AFE-AEE7-0D4BEC4978C2} = {64F81F93-43DC-4D16-8960-B960219BB5F1}
	EndGlobalSection
EndGlobal
